
Microsoft Visual Studio Solution File, Format Version 12.00
# Visual Studio 15
VisualStudioVersion = 15.0.28307.1401
MinimumVisualStudioVersion = 10.0.40219.1
Project("{8BC9CEB8-8B4A-11D0-8D11-00A0C91BC942}") = "DifRungeKutte", "DifRungeKutte\DifRungeKutte.vcxproj", "{89419A35-9B31-4A97-B27E-527BF928B1E7}"
EndProject
Global
	GlobalSection(SolutionConfigurationPlatforms) = preSolution
		Debug|x64 = Debug|x64
		Debug|x86 = Debug|x86
		Release|x64 = Release|x64
		Release|x86 = Release|x86
	EndGlobalSection
	GlobalSection(ProjectConfigurationPlatforms) = postSolution
		{89419A35-9B31-4A97-B27E-527BF928B1E7}.Debug|x64.ActiveCfg = Debug|x64
		{89419A35-9B31-4A97-B27E-527BF928B1E7}.Debug|x64.Build.0 = Debug|x64
		{89419A35-9B31-4A97-B27E-527BF928B1E7}.Debug|x86.ActiveCfg = Debug|Win32
		{89419A35-9B31-4A97-B27E-527BF928B1E7}.Debug|x86.Build.0 = Debug|Win32
		{89419A35-9B31-4A97-B27E-527BF928B1E7}.Release|x64.ActiveCfg = Release|x64
		{89419A35-9B31-4A97-B27E-527BF928B1E7}.Release|x64.Build.0 = Release|x64
		{89419A35-9B31-4A97-B27E-527BF928B1E7}.Release|x86.ActiveCfg = Release|Win32
		{89419A35-9B31-4A97-B27E-527BF928B1E7}.Release|x86.Build.0 = Release|Win32
	EndGlobalSection
	GlobalSection(SolutionProperties) = preSolution
		HideSolutionNode = FALSE
	EndGlobalSection
	GlobalSection(ExtensibilityGlobals) = postSolution
		SolutionGuid = {77F82559-51C3-4510-A3FB-DF9B511A8814}
	EndGlobalSection
EndGlobal
